
Microsoft Visual Studio Solution File, Format Version 11.00
# Visual Studio 2010
Project("{FAE04EC0-301F-11D3-BF4B-00C04F79EFBC}") = "eLearning.Api", "src\eLearning.Api\eLearning.Api.csproj", "{008E53FF-0B14-42AD-A550-8BBB99A70D97}"
EndProject
Project("{FAE04EC0-301F-11D3-BF4B-00C04F79EFBC}") = "eLearning.Api.Tests", "tests\eLearning.Api.Tests\eLearning.Api.Tests.csproj", "{51C8AB25-F04E-4190-B839-50C1D84C80D1}"
EndProject
Project("{FAE04EC0-301F-11D3-BF4B-00C04F79EFBC}") = "eLearing.Models", "eLearing.Models\eLearing.Models.csproj", "{42C7F821-A9A0-46CC-9DA0-4C3EA79B2D41}"
EndProject
Global
	GlobalSection(SolutionConfigurationPlatforms) = preSolution
		Debug|Any CPU = Debug|Any CPU
		Release|Any CPU = Release|Any CPU
	EndGlobalSection
	GlobalSection(ProjectConfigurationPlatforms) = postSolution
		{008E53FF-0B14-42AD-A550-8BBB99A70D97}.Debug|Any CPU.ActiveCfg = Debug|Any CPU
		{008E53FF-0B14-42AD-A550-8BBB99A70D97}.Debug|Any CPU.Build.0 = Debug|Any CPU
		{008E53FF-0B14-42AD-A550-8BBB99A70D97}.Release|Any CPU.ActiveCfg = Release|Any CPU
		{008E53FF-0B14-42AD-A550-8BBB99A70D97}.Release|Any CPU.Build.0 = Release|Any CPU
		{51C8AB25-F04E-4190-B839-50C1D84C80D1}.Debug|Any CPU.ActiveCfg = Debug|Any CPU
		{51C8AB25-F04E-4190-B839-50C1D84C80D1}.Debug|Any CPU.Build.0 = Debug|Any CPU
		{51C8AB25-F04E-4190-B839-50C1D84C80D1}.Release|Any CPU.ActiveCfg = Release|Any CPU
		{51C8AB25-F04E-4190-B839-50C1D84C80D1}.Release|Any CPU.Build.0 = Release|Any CPU
		{42C7F821-A9A0-46CC-9DA0-4C3EA79B2D41}.Debug|Any CPU.ActiveCfg = Debug|Any CPU
		{42C7F821-A9A0-46CC-9DA0-4C3EA79B2D41}.Debug|Any CPU.Build.0 = Debug|Any CPU
		{42C7F821-A9A0-46CC-9DA0-4C3EA79B2D41}.Release|Any CPU.ActiveCfg = Release|Any CPU
		{42C7F821-A9A0-46CC-9DA0-4C3EA79B2D41}.Release|Any CPU.Build.0 = Release|Any CPU
	EndGlobalSection
	GlobalSection(SolutionProperties) = preSolution
		HideSolutionNode = FALSE
	EndGlobalSection
EndGlobal
